
Microsoft Visual Studio Solution File, Format Version 12.00
# Visual Studio Version 17
VisualStudioVersion = 17.9.34728.123
MinimumVisualStudioVersion = 10.0.40219.1
Project("{FAE04EC0-301F-11D3-BF4B-00C04F79EFBC}") = "CasseBrique", "CasseBrique.csproj", "{69ABC6DC-F35D-4D58-9BDE-05590C07FFE9}"
EndProject
Global
	GlobalSection(SolutionConfigurationPlatforms) = preSolution
		Debug|Any CPU = Debug|Any CPU
		Release|Any CPU = Release|Any CPU
	EndGlobalSection
	GlobalSection(ProjectConfigurationPlatforms) = postSolution
		{69ABC6DC-F35D-4D58-9BDE-05590C07FFE9}.Debug|Any CPU.ActiveCfg = Debug|Any CPU
		{69ABC6DC-F35D-4D58-9BDE-05590C07FFE9}.Debug|Any CPU.Build.0 = Debug|Any CPU
		{69ABC6DC-F35D-4D58-9BDE-05590C07FFE9}.Release|Any CPU.ActiveCfg = Release|Any CPU
		{69ABC6DC-F35D-4D58-9BDE-05590C07FFE9}.Release|Any CPU.Build.0 = Release|Any CPU
	EndGlobalSection
	GlobalSection(SolutionProperties) = preSolution
		HideSolutionNode = FALSE
	EndGlobalSection
	GlobalSection(ExtensibilityGlobals) = postSolution
		SolutionGuid = {3DC90FB7-73B0-4A7F-90F8-D3FFA556CFF2}
	EndGlobalSection
EndGlobal
